
Microsoft Visual Studio Solution File, Format Version 12.00
# Visual Studio Version 16
VisualStudioVersion = 16.0.36422.26
MinimumVisualStudioVersion = 10.0.40219.1
Project("{FAE04EC0-301F-11D3-BF4B-00C04F79EFBC}") = "Logica de POO", "Logica de POO.csproj", "{23A5030B-C911-4BF5-8E8E-13E28624F706}"
EndProject
Global
	GlobalSection(SolutionConfigurationPlatforms) = preSolution
		Debug|Any CPU = Debug|Any CPU
		Release|Any CPU = Release|Any CPU
	EndGlobalSection
	GlobalSection(ProjectConfigurationPlatforms) = postSolution
		{23A5030B-C911-4BF5-8E8E-13E28624F706}.Debug|Any CPU.ActiveCfg = Debug|Any CPU
		{23A5030B-C911-4BF5-8E8E-13E28624F706}.Debug|Any CPU.Build.0 = Debug|Any CPU
		{23A5030B-C911-4BF5-8E8E-13E28624F706}.Release|Any CPU.ActiveCfg = Release|Any CPU
		{23A5030B-C911-4BF5-8E8E-13E28624F706}.Release|Any CPU.Build.0 = Release|Any CPU
	EndGlobalSection
	GlobalSection(SolutionProperties) = preSolution
		HideSolutionNode = FALSE
	EndGlobalSection
	GlobalSection(ExtensibilityGlobals) = postSolution
		SolutionGuid = {29D05764-21BF-4639-B562-40CDFEEAC0BA}
	EndGlobalSection
EndGlobal
